// !$*UTF8*$!
{
	archiveVersion = 1;
	classes = {
	};
	objectVersion = 46;
	objects = {

/* Begin PBXBuildFile section */
		09374D8919DDEE7A004682CD /* AppDelegate.swift in Sources */ = {isa = PBXBuildFile; fileRef = 09374D8819DDEE7A004682CD /* AppDelegate.swift */; };
		09374D8B19DDEE7A004682CD /* ViewController.swift in Sources */ = {isa = PBXBuildFile; fileRef = 09374D8A19DDEE7A004682CD /* ViewController.swift */; };
		09374D8E19DDEE7A004682CD /* Main.storyboard in Resources */ = {isa = PBXBuildFile; fileRef = 09374D8C19DDEE7A004682CD /* Main.storyboard */; };
		09374D9019DDEE7A004682CD /* Images.xcassets in Resources */ = {isa = PBXBuildFile; fileRef = 09374D8F19DDEE7A004682CD /* Images.xcassets */; };
		09374D9319DDEE7A004682CD /* LaunchScreen.xib in Resources */ = {isa = PBXBuildFile; fileRef = 09374D9119DDEE7A004682CD /* LaunchScreen.xib */; };
		09374D9F19DDEE7A004682CD /* PostcardTests.swift in Sources */ = {isa = PBXBuildFile; fileRef = 09374D9E19DDEE7A004682CD /* PostcardTests.swift */; };
/* End PBXBuildFile section */

/* Begin PBXContainerItemProxy section */
		09374D9919DDEE7A004682CD /* PBXContainerItemProxy */ = {
			isa = PBXContainerItemProxy;
			containerPortal = 09374D7B19DDEE7A004682CD /* Project object */;
			proxyType = 1;
			remoteGlobalIDString = 09374D8219DDEE7A004682CD;
			remoteInfo = Postcard;
		};
/* End PBXContainerItemProxy section */

/* Begin PBXFileReference section */
		09374D8319DDEE7A004682CD /* Postcard.app */ = {isa = PBXFileReference; explicitFileType = wrapper.application; includeInIndex = 0; path = Postcard.app; sourceTree = BUILT_PRODUCTS_DIR; };
		09374D8719DDEE7A004682CD /* Info.plist */ = {isa = PBXFileReference; lastKnownFileType = text.plist.xml; path = Info.plist; sourceTree = "<group>"; };
		09374D8819DDEE7A004682CD /* AppDelegate.swift */ = {isa = PBXFileReference; lastKnownFileType = sourcecode.swift; path = AppDelegate.swift; sourceTree = "<group>"; };
		09374D8A19DDEE7A004682CD /* ViewController.swift */ = {isa = PBXFileReference; lastKnownFileType = sourcecode.swift; path = ViewController.swift; sourceTree = "<group>"; };
		09374D8D19DDEE7A004682CD /* Base */ = {isa = PBXFileReference; lastKnownFileType = file.storyboard; name = Base; path = Base.lproj/Main.storyboard; sourceTree = "<group>"; };
		09374D8F19DDEE7A004682CD /* Images.xcassets */ = {isa = PBXFileReference; lastKnownFileType = folder.assetcatalog; path = Images.xcassets; sourceTree = "<group>"; };
		09374D9219DDEE7A004682CD /* Base */ = {isa = PBXFileReference; lastKnownFileType = file.xib; name = Base; path = Base.lproj/LaunchScreen.xib; sourceTree = "<group>"; };
		09374D9819DDEE7A004682CD /* PostcardTests.xctest */ = {isa = PBXFileReference; explicitFileType = wrapper.cfbundle; includeInIndex = 0; path = PostcardTests.xctest; sourceTree = BUILT_PRODUCTS_DIR; };
		09374D9D19DDEE7A004682CD /* Info.plist */ = {isa = PBXFileReference; lastKnownFileType = text.plist.xml; path = Info.plist; sourceTree = "<group>"; };
		09374D9E19DDEE7A004682CD /* PostcardTests.swift */ = {isa = PBXFileReference; lastKnownFileType = sourcecode.swift; path = PostcardTests.swift; sourceTree = "<group>"; };
/* End PBXFileReference section */

/* Begin PBXFrameworksBuildPhase section */
		09374D8019DDEE7A004682CD /* Frameworks */ = {
			isa = PBXFrameworksBuildPhase;
			buildActionMask = 2147483647;
			files = (
			);
			runOnlyForDeploymentPostprocessing = 0;
		};
		09374D9519DDEE7A004682CD /* Frameworks */ = {
			isa = PBXFrameworksBuildPhase;
			buildActionMask = 2147483647;
			files = (
			);
			runOnlyForDeploymentPostprocessing = 0;
		};
/* End PBXFrameworksBuildPhase section */

/* Begin PBXGroup section */
		09374D7A19DDEE7A004682CD = {
			isa = PBXGroup;
			children = (
				09374D8519DDEE7A004682CD /* Postcard */,
				09374D9B19DDEE7A004682CD /* PostcardTests */,
				09374D8419DDEE7A004682CD /* Products */,
			);
			sourceTree = "<group>";
		};
		09374D8419DDEE7A004682CD /* Products */ = {
			isa = PBXGroup;
			children = (
				09374D8319DDEE7A004682CD /* Postcard.app */,
				09374D9819DDEE7A004682CD /* PostcardTests.xctest */,
			);
			name = Products;
			sourceTree = "<group>";
		};
		09374D8519DDEE7A004682CD /* Postcard */ = {
			isa = PBXGroup;
			children = (
				09374D8819DDEE7A004682CD /* AppDelegate.swift */,
				09374D8A19DDEE7A004682CD /* ViewController.swift */,
				09374D8C19DDEE7A004682CD /* Main.storyboard */,
				09374D8F19DDEE7A004682CD /* Images.xcassets */,
				09374D9119DDEE7A004682CD /* LaunchScreen.xib */,
				09374D8619DDEE7A004682CD /* Supporting Files */,
			);
			path = Postcard;
			sourceTree = "<group>";
		};
		09374D8619DDEE7A004682CD /* Supporting Files */ = {
			isa = PBXGroup;
			children = (
				09374D8719DDEE7A004682CD /* Info.plist */,
			);
			name = "Supporting Files";
			sourceTree = "<group>";
		};
		09374D9B19DDEE7A004682CD /* PostcardTests */ = {
			isa = PBXGroup;
			children = (
				09374D9E19DDEE7A004682CD /* PostcardTests.swift */,
				09374D9C19DDEE7A004682CD /* Supporting Files */,
			);
			path = PostcardTests;
			sourceTree = "<group>";
		};
		09374D9C19DDEE7A004682CD /* Supporting Files */ = {
			isa = PBXGroup;
			children = (
				09374D9D19DDEE7A004682CD /* Info.plist */,
			);
			name = "Supporting Files";
			sourceTree = "<group>";
		};
/* End PBXGroup section */

/* Begin PBXNativeTarget section */
		09374D8219DDEE7A004682CD /* Postcard */ = {
			isa = PBXNativeTarget;
			buildConfigurationList = 09374DA219DDEE7A004682CD /* Build configuration list for PBXNativeTarget "Postcard" */;
			buildPhases = (
				09374D7F19DDEE7A004682CD /* Sources */,
				09374D8019DDEE7A004682CD /* Frameworks */,
				09374D8119DDEE7A004682CD /* Resources */,
			);
			buildRules = (
			);
			dependencies = (
			);
			name = Postcard;
			productName = Postcard;
			productReference = 09374D8319DDEE7A004682CD /* Postcard.app */;
			productType = "com.apple.product-type.application";
		};
		09374D9719DDEE7A004682CD /* PostcardTests */ = {
			isa = PBXNativeTarget;
			buildConfigurationList = 09374DA519DDEE7A004682CD /* Build configuration list for PBXNativeTarget "PostcardTests" */;
			buildPhases = (
				09374D9419DDEE7A004682CD /* Sources */,
				09374D9519DDEE7A004682CD /* Frameworks */,
				09374D9619DDEE7A004682CD /* Resources */,
			);
			buildRules = (
			);
			dependencies = (
				09374D9A19DDEE7A004682CD /* PBXTargetDependency */,
			);
			name = PostcardTests;
			productName = PostcardTests;
			productReference = 09374D9819DDEE7A004682CD /* PostcardTests.xctest */;
			productType = "com.apple.product-type.bundle.unit-test";
		};
/* End PBXNativeTarget section */

/* Begin PBXProject section */
		09374D7B19DDEE7A004682CD /* Project object */ = {
			isa = PBXProject;
			attributes = {
				LastUpgradeCheck = 0600;
				ORGANIZATIONNAME = FirstChair;
				TargetAttributes = {
					09374D8219DDEE7A004682CD = {
						CreatedOnToolsVersion = 6.0.1;
					};
					09374D9719DDEE7A004682CD = {
						CreatedOnToolsVersion = 6.0.1;
						TestTargetID = 09374D8219DDEE7A004682CD;
					};
				};
			};
			buildConfigurationList = 09374D7E19DDEE7A004682CD /* Build configuration list for PBXProject "Postcard" */;
			compatibilityVersion = "Xcode 3.2";
			developmentRegion = English;
			hasScannedForEncodings = 0;
			knownRegions = (
				en,
				Base,
			);
			mainGroup = 09374D7A19DDEE7A004682CD;
			productRefGroup = 09374D8419DDEE7A004682CD /* Products */;
			projectDirPath = "";
			projectRoot = "";
			targets = (
				09374D8219DDEE7A004682CD /* Postcard */,
				09374D9719DDEE7A004682CD /* PostcardTests */,
			);
		};
/* End PBXProject section */

/* Begin PBXResourcesBuildPhase section */
		09374D8119DDEE7A004682CD /* Resources */ = {
			isa = PBXResourcesBuildPhase;
			buildActionMask = 2147483647;
			files = (
				09374D8E19DDEE7A004682CD /* Main.storyboard in Resources */,
				09374D9319DDEE7A004682CD /* LaunchScreen.xib in Resources */,
				09374D9019DDEE7A004682CD /* Images.xcassets in Resources */,
			);
			runOnlyForDeploymentPostprocessing = 0;
		};
		09374D9619DDEE7A004682CD /* Resources */ = {
			isa = PBXResourcesBuildPhase;
			buildActionMask = 2147483647;
			files = (
			);
			runOnlyForDeploymentPostprocessing = 0;
		};
/* End PBXResourcesBuildPhase section */

/* Begin PBXSourcesBuildPhase section */
		09374D7F19DDEE7A004682CD /* Sources */ = {
			isa = PBXSourcesBuildPhase;
			buildActionMask = 2147483647;
			files = (
				09374D8B19DDEE7A004682CD /* ViewController.swift in Sources */,
				09374D8919DDEE7A004682CD /* AppDelegate.swift in Sources */,
			);
			runOnlyForDeploymentPostprocessing = 0;
		};
		09374D9419DDEE7A004682CD /* Sources */ = {
			isa = PBXSourcesBuildPhase;
			buildActionMask = 2147483647;
			files = (
				09374D9F19DDEE7A004682CD /* PostcardTests.swift in Sources */,
			);
			runOnlyForDeploymentPostprocessing = 0;
		};
/* End PBXSourcesBuildPhase section */

/* Begin PBXTargetDependency section */
		09374D9A19DDEE7A004682CD /* PBXTargetDependency */ = {
			isa = PBXTargetDependency;
			target = 09374D8219DDEE7A004682CD /* Postcard */;
			targetProxy = 09374D9919DDEE7A004682CD /* PBXContainerItemProxy */;
		};
/* End PBXTargetDependency section */

/* Begin PBXVariantGroup section */
		09374D8C19DDEE7A004682CD /* Main.storyboard */ = {
			isa = PBXVariantGroup;
			children = (
				09374D8D19DDEE7A004682CD /* Base */,
			);
			name = Main.storyboard;
			sourceTree = "<group>";
		};
		09374D9119DDEE7A004682CD /* LaunchScreen.xib */ = {
			isa = PBXVariantGroup;
			children = (
				09374D9219DDEE7A004682CD /* Base */,
			);
			name = LaunchScreen.xib;
			sourceTree = "<group>";
		};
/* End PBXVariantGroup section */

/* Begin XCBuildConfiguration section */
		09374DA019DDEE7A004682CD /* Debug */ = {
			isa = XCBuildConfiguration;
			buildSettings = {
				ALWAYS_SEARCH_USER_PATHS = NO;
				CLANG_CXX_LANGUAGE_STANDARD = "gnu++0x";
				CLANG_CXX_LIBRARY = "libc++";
				CLANG_ENABLE_MODULES = YES;
				CLANG_ENABLE_OBJC_ARC = YES;
				CLANG_WARN_BOOL_CONVERSION = YES;
				CLANG_WARN_CONSTANT_CONVERSION = YES;
				CLANG_WARN_DIRECT_OBJC_ISA_USAGE = YES_ERROR;
				CLANG_WARN_EMPTY_BODY = YES;
				CLANG_WARN_ENUM_CONVERSION = YES;
				CLANG_WARN_INT_CONVERSION = YES;
				CLANG_WARN_OBJC_ROOT_CLASS = YES_ERROR;
				CLANG_WARN_UNREACHABLE_CODE = YES;
				CLANG_WARN__DUPLICATE_METHOD_MATCH = YES;
				"CODE_SIGN_IDENTITY[sdk=iphoneos*]" = "iPhone Developer";
				COPY_PHASE_STRIP = NO;
				ENABLE_STRICT_OBJC_MSGSEND = YES;
				GCC_C_LANGUAGE_STANDARD = gnu99;
				GCC_DYNAMIC_NO_PIC = NO;
				GCC_OPTIMIZATION_LEVEL = 0;
				GCC_PREPROCESSOR_DEFINITIONS = (
					"DEBUG=1",
					"$(inherited)",
				);
				GCC_SYMBOLS_PRIVATE_EXTERN = NO;
				GCC_WARN_64_TO_32_BIT_CONVERSION = YES;
				GCC_WARN_ABOUT_RETURN_TYPE = YES_ERROR;
				GCC_WARN_UNDECLARED_SELECTOR = YES;
				GCC_WARN_UNINITIALIZED_AUTOS = YES_AGGRESSIVE;
				GCC_WARN_UNUSED_FUNCTION = YES;
				GCC_WARN_UNUSED_VARIABLE = YES;
				IPHONEOS_DEPLOYMENT_TARGET = 8.0;
				MTL_ENABLE_DEBUG_INFO = YES;
				ONLY_ACTIVE_ARCH = YES;
				SDKROOT = iphoneos;
				SWIFT_OPTIMIZATION_LEVEL = "-Onone";
			};
			name = Debug;
		};
		09374DA119DDEE7A004682CD /* Release */ = {
			isa = XCBuildConfiguration;
			buildSettings = {
				ALWAYS_SEARCH_USER_PATHS = NO;
				CLANG_CXX_LANGUAGE_STANDARD = "gnu++0x";
				CLANG_CXX_LIBRARY = "libc++";
				CLANG_ENABLE_MODULES = YES;
				CLANG_ENABLE_OBJC_ARC = YES;
				CLANG_WARN_BOOL_CONVERSION = YES;
				CLANG_WARN_CONSTANT_CONVERSION = YES;
				CLANG_WARN_DIRECT_OBJC_ISA_USAGE = YES_ERROR;
				CLANG_WARN_EMPTY_BODY = YES;
				CLANG_WARN_ENUM_CONVERSION = YES;
				CLANG_WARN_INT_CONVERSION = YES;
				CLANG_WARN_OBJC_ROOT_CLASS = YES_ERROR;
				CLANG_WARN_UNREACHABLE_CODE = YES;
				CLANG_WARN__DUPLICATE_METHOD_MATCH = YES;
				"CODE_SIGN_IDENTITY[sdk=iphoneos*]" = "iPhone Developer";
				COPY_PHASE_STRIP = YES;
				ENABLE_NS_ASSERTIONS = NO;
				ENABLE_STRICT_OBJC_MSGSEND = YES;
				GCC_C_LANGUAGE_STANDARD = gnu99;
				GCC_WARN_64_TO_32_BIT_CONVERSION = YES;
				GCC_WARN_ABOUT_RETURN_TYPE = YES_ERROR;
				GCC_WARN_UNDECLARED_SELECTOR = YES;
				GCC_WARN_UNINITIALIZED_AUTOS = YES_AGGRESSIVE;
				GCC_WARN_UNUSED_FUNCTION = YES;
				GCC_WARN_UNUSED_VARIABLE = YES;
				IPHONEOS_DEPLOYMENT_TARGET = 8.0;
				MTL_ENABLE_DEBUG_INFO = NO;
				SDKROOT = iphoneos;
				VALIDATE_PRODUCT = YES;
			};
			name = Release;
		};
		09374DA319DDEE7A004682CD /* Debug */ = {
			isa = XCBuildConfiguration;
			buildSettings = {
				ASSETCATALOG_COMPILER_APPICON_NAME = AppIcon;
				INFOPLIST_FILE = Postcard/Info.plist;
				LD_RUNPATH_SEARCH_PATHS = "$(inherited) @executable_path/Frameworks";
				PRODUCT_NAME = "$(TARGET_NAME)";
			};
			name = Debug;
		};
		09374DA419DDEE7A004682CD /* Release */ = {
			isa = XCBuildConfiguration;
			buildSettings = {
				ASSETCATALOG_COMPILER_APPICON_NAME = AppIcon;
				INFOPLIST_FILE = Postcard/Info.plist;
				LD_RUNPATH_SEARCH_PATHS = "$(inherited) @executable_path/Frameworks";
				PRODUCT_NAME = "$(TARGET_NAME)";
			};
			name = Release;
		};
		09374DA619DDEE7A004682CD /* Debug */ = {
			isa = XCBuildConfiguration;
			buildSettings = {
				BUNDLE_LOADER = "$(TEST_HOST)";
				FRAMEWORK_SEARCH_PATHS = (
					"$(SDKROOT)/Developer/Library/Frameworks",
					"$(inherited)",
				);
				GCC_PREPROCESSOR_DEFINITIONS = (
					"DEBUG=1",
					"$(inherited)",
				);
				INFOPLIST_FILE = PostcardTests/Info.plist;
				LD_RUNPATH_SEARCH_PATHS = "$(inherited) @executable_path/Frameworks @loader_path/Frameworks";
				PRODUCT_NAME = "$(TARGET_NAME)";
				TEST_HOST = "$(BUILT_PRODUCTS_DIR)/Postcard.app/Postcard";
			};
			name = Debug;
		};
		09374DA719DDEE7A004682CD /* Release */ = {
			isa = XCBuildConfiguration;
			buildSettings = {
				BUNDLE_LOADER = "$(TEST_HOST)";
				FRAMEWORK_SEARCH_PATHS = (
					"$(SDKROOT)/Developer/Library/Frameworks",
					"$(inherited)",
				);
				INFOPLIST_FILE = PostcardTests/Info.plist;
				LD_RUNPATH_SEARCH_PATHS = "$(inherited) @executable_path/Frameworks @loader_path/Frameworks";
				PRODUCT_NAME = "$(TARGET_NAME)";
				TEST_HOST = "$(BUILT_PRODUCTS_DIR)/Postcard.app/Postcard";
			};
			name = Release;
		};
/* End XCBuildConfiguration section */

/* Begin XCConfigurationList section */
		09374D7E19DDEE7A004682CD /* Build configuration list for PBXProject "Postcard" */ = {
			isa = XCConfigurationList;
			buildConfigurations = (
				09374DA019DDEE7A004682CD /* Debug */,
				09374DA119DDEE7A004682CD /* Release */,
			);
			defaultConfigurationIsVisible = 0;
			defaultConfigurationName = Release;
		};
		09374DA219DDEE7A004682CD /* Build configuration list for PBXNativeTarget "Postcard" */ = {
			isa = XCConfigurationList;
			buildConfigurations = (
				09374DA319DDEE7A004682CD /* Debug */,
				09374DA419DDEE7A004682CD /* Release */,
			);
			defaultConfigurationIsVisible = 0;
		};
		09374DA519DDEE7A004682CD /* Build configuration list for PBXNativeTarget "PostcardTests" */ = {
			isa = XCConfigurationList;
			buildConfigurations = (
				09374DA619DDEE7A004682CD /* Debug */,
				09374DA719DDEE7A004682CD /* Release */,
			);
			defaultConfigurationIsVisible = 0;
		};
/* End XCConfigurationList section */
	};
	rootObject = 09374D7B19DDEE7A004682CD /* Project object */;
}
